
Microsoft Visual Studio Solution File, Format Version 12.00
# Visual Studio Version 16
VisualStudioVersion = 16.0.30021.99
MinimumVisualStudioVersion = 10.0.40219.1
Project("{9A19103F-16F7-4668-BE54-9A1E7A4F7556}") = "Zbyrach.Api.Tests", "tests\Zbyrach.Api.Tests\Zbyrach.Api.Tests.csproj", "{14ED91B3-DA16-4ED0-9AC6-0D9C9A994C7C}"
EndProject
Project("{9A19103F-16F7-4668-BE54-9A1E7A4F7556}") = "Zbyrach.Api", "src\Zbyrach.Api\Zbyrach.Api.csproj", "{667E0688-9BFB-4B5E-B89D-71178C1ECFFE}"
EndProject
Global
	GlobalSection(SolutionConfigurationPlatforms) = preSolution
		Debug|Any CPU = Debug|Any CPU
		Release|Any CPU = Release|Any CPU
	EndGlobalSection
	GlobalSection(ProjectConfigurationPlatforms) = postSolution
		{14ED91B3-DA16-4ED0-9AC6-0D9C9A994C7C}.Debug|Any CPU.ActiveCfg = Debug|Any CPU
		{14ED91B3-DA16-4ED0-9AC6-0D9C9A994C7C}.Debug|Any CPU.Build.0 = Debug|Any CPU
		{14ED91B3-DA16-4ED0-9AC6-0D9C9A994C7C}.Release|Any CPU.ActiveCfg = Release|Any CPU
		{14ED91B3-DA16-4ED0-9AC6-0D9C9A994C7C}.Release|Any CPU.Build.0 = Release|Any CPU
		{667E0688-9BFB-4B5E-B89D-71178C1ECFFE}.Debug|Any CPU.ActiveCfg = Debug|Any CPU
		{667E0688-9BFB-4B5E-B89D-71178C1ECFFE}.Debug|Any CPU.Build.0 = Debug|Any CPU
		{667E0688-9BFB-4B5E-B89D-71178C1ECFFE}.Release|Any CPU.ActiveCfg = Release|Any CPU
		{667E0688-9BFB-4B5E-B89D-71178C1ECFFE}.Release|Any CPU.Build.0 = Release|Any CPU
	EndGlobalSection
	GlobalSection(SolutionProperties) = preSolution
		HideSolutionNode = FALSE
	EndGlobalSection
	GlobalSection(ExtensibilityGlobals) = postSolution
		SolutionGuid = {5B0708E5-F8A5-4DA3-B847-C321447C5B7E}
	EndGlobalSection
EndGlobal
